
Microsoft Visual Studio Solution File, Format Version 12.00
# Visual Studio Version 16
VisualStudioVersion = 16.0.29911.84
MinimumVisualStudioVersion = 10.0.40219.1
Project("{FAE04EC0-301F-11D3-BF4B-00C04F79EFBC}") = "ToDoASPCore", "ToDoASPCore\ToDoASPCore.csproj", "{EBD352BF-6FAE-4980-9342-092266FE75DF}"
EndProject
Global
	GlobalSection(SolutionConfigurationPlatforms) = preSolution
		Debug|Any CPU = Debug|Any CPU
		Release|Any CPU = Release|Any CPU
	EndGlobalSection
	GlobalSection(ProjectConfigurationPlatforms) = postSolution
		{EBD352BF-6FAE-4980-9342-092266FE75DF}.Debug|Any CPU.ActiveCfg = Debug|Any CPU
		{EBD352BF-6FAE-4980-9342-092266FE75DF}.Debug|Any CPU.Build.0 = Debug|Any CPU
		{EBD352BF-6FAE-4980-9342-092266FE75DF}.Release|Any CPU.ActiveCfg = Release|Any CPU
		{EBD352BF-6FAE-4980-9342-092266FE75DF}.Release|Any CPU.Build.0 = Release|Any CPU
	EndGlobalSection
	GlobalSection(SolutionProperties) = preSolution
		HideSolutionNode = FALSE
	EndGlobalSection
	GlobalSection(ExtensibilityGlobals) = postSolution
		SolutionGuid = {96E53EAB-13EA-48FC-949F-B58A97010CA2}
	EndGlobalSection
EndGlobal
